
Microsoft Visual Studio Solution File, Format Version 12.00
# Visual Studio 15
VisualStudioVersion = 15.0.27004.2005
MinimumVisualStudioVersion = 10.0.40219.1
Project("{9A19103F-16F7-4668-BE54-9A1E7A4F7556}") = "AzureAdLateralMovement", "AzureAdLateralMovement\AzureAdLateralMovement.csproj", "{6BF3A9F0-48B7-4CCB-BE5B-9962AE453DD2}"
EndProject
Global
	GlobalSection(SolutionConfigurationPlatforms) = preSolution
		Debug|Any CPU = Debug|Any CPU
		Release|Any CPU = Release|Any CPU
	EndGlobalSection
	GlobalSection(ProjectConfigurationPlatforms) = postSolution
		{6BF3A9F0-48B7-4CCB-BE5B-9962AE453DD2}.Debug|Any CPU.ActiveCfg = Debug|Any CPU
		{6BF3A9F0-48B7-4CCB-BE5B-9962AE453DD2}.Debug|Any CPU.Build.0 = Debug|Any CPU
		{6BF3A9F0-48B7-4CCB-BE5B-9962AE453DD2}.Release|Any CPU.ActiveCfg = Release|Any CPU
		{6BF3A9F0-48B7-4CCB-BE5B-9962AE453DD2}.Release|Any CPU.Build.0 = Release|Any CPU
	EndGlobalSection
	GlobalSection(SolutionProperties) = preSolution
		HideSolutionNode = FALSE
	EndGlobalSection
	GlobalSection(ExtensibilityGlobals) = postSolution
		SolutionGuid = {7C99A97D-FC2E-4D17-AD3B-46460F0EF371}
	EndGlobalSection
EndGlobal
